// !$*UTF8*$!
{
	archiveVersion = 1;
	classes = {
	};
	objectVersion = 50;
	objects = {

/* Begin PBXBuildFile section */
		429411C825AC593F0081E7C7 /* AppDelegate.swift in Sources */ = {isa = PBXBuildFile; fileRef = 429411C725AC593F0081E7C7 /* AppDelegate.swift */; };
		429411CA25AC593F0081E7C7 /* SceneDelegate.swift in Sources */ = {isa = PBXBuildFile; fileRef = 429411C925AC593F0081E7C7 /* SceneDelegate.swift */; };
		429411CC25AC593F0081E7C7 /* ViewController.swift in Sources */ = {isa = PBXBuildFile; fileRef = 429411CB25AC593F0081E7C7 /* ViewController.swift */; };
		429411CF25AC593F0081E7C7 /* Main.storyboard in Resources */ = {isa = PBXBuildFile; fileRef = 429411CD25AC593F0081E7C7 /* Main.storyboard */; };
		429411D125AC59400081E7C7 /* Assets.xcassets in Resources */ = {isa = PBXBuildFile; fileRef = 429411D025AC59400081E7C7 /* Assets.xcassets */; };
		429411D425AC59400081E7C7 /* LaunchScreen.storyboard in Resources */ = {isa = PBXBuildFile; fileRef = 429411D225AC59400081E7C7 /* LaunchScreen.storyboard */; };
		429411EA25AC59400081E7C7 /* HardDependenciesUITests.swift in Sources */ = {isa = PBXBuildFile; fileRef = 429411E925AC59400081E7C7 /* HardDependenciesUITests.swift */; };
		4294120125AC59CE0081E7C7 /* HardDependenciesTests.swift in Sources */ = {isa = PBXBuildFile; fileRef = 4294120025AC59CE0081E7C7 /* HardDependenciesTests.swift */; };
		4294120625AC59F30081E7C7 /* Analytics.swift in Sources */ = {isa = PBXBuildFile; fileRef = 4294120525AC59F30081E7C7 /* Analytics.swift */; };
		4294120B25AC5A9C0081E7C7 /* MySingletonAnalytics.swift in Sources */ = {isa = PBXBuildFile; fileRef = 4294120A25AC5A9C0081E7C7 /* MySingletonAnalytics.swift */; };
		4294121025ACFA5D0081E7C7 /* InstancePropertyViewController.swift in Sources */ = {isa = PBXBuildFile; fileRef = 4294120F25ACFA5D0081E7C7 /* InstancePropertyViewController.swift */; };
		4294121525ACFAF60081E7C7 /* ClosurePropertyViewController.swift in Sources */ = {isa = PBXBuildFile; fileRef = 4294121425ACFAF60081E7C7 /* ClosurePropertyViewController.swift */; };
/* End PBXBuildFile section */

/* Begin PBXContainerItemProxy section */
		429411DB25AC59400081E7C7 /* PBXContainerItemProxy */ = {
			isa = PBXContainerItemProxy;
			containerPortal = 429411BC25AC593F0081E7C7 /* Project object */;
			proxyType = 1;
			remoteGlobalIDString = 429411C325AC593F0081E7C7;
			remoteInfo = HardDependencies;
		};
		429411E625AC59400081E7C7 /* PBXContainerItemProxy */ = {
			isa = PBXContainerItemProxy;
			containerPortal = 429411BC25AC593F0081E7C7 /* Project object */;
			proxyType = 1;
			remoteGlobalIDString = 429411C325AC593F0081E7C7;
			remoteInfo = HardDependencies;
		};
/* End PBXContainerItemProxy section */

/* Begin PBXFileReference section */
		429411C425AC593F0081E7C7 /* HardDependencies.app */ = {isa = PBXFileReference; explicitFileType = wrapper.application; includeInIndex = 0; path = HardDependencies.app; sourceTree = BUILT_PRODUCTS_DIR; };
		429411C725AC593F0081E7C7 /* AppDelegate.swift */ = {isa = PBXFileReference; lastKnownFileType = sourcecode.swift; path = AppDelegate.swift; sourceTree = "<group>"; };
		429411C925AC593F0081E7C7 /* SceneDelegate.swift */ = {isa = PBXFileReference; lastKnownFileType = sourcecode.swift; path = SceneDelegate.swift; sourceTree = "<group>"; };
		429411CB25AC593F0081E7C7 /* ViewController.swift */ = {isa = PBXFileReference; lastKnownFileType = sourcecode.swift; path = ViewController.swift; sourceTree = "<group>"; };
		429411CE25AC593F0081E7C7 /* Base */ = {isa = PBXFileReference; lastKnownFileType = file.storyboard; name = Base; path = Base.lproj/Main.storyboard; sourceTree = "<group>"; };
		429411D025AC59400081E7C7 /* Assets.xcassets */ = {isa = PBXFileReference; lastKnownFileType = folder.assetcatalog; path = Assets.xcassets; sourceTree = "<group>"; };
		429411D325AC59400081E7C7 /* Base */ = {isa = PBXFileReference; lastKnownFileType = file.storyboard; name = Base; path = Base.lproj/LaunchScreen.storyboard; sourceTree = "<group>"; };
		429411D525AC59400081E7C7 /* Info.plist */ = {isa = PBXFileReference; lastKnownFileType = text.plist.xml; path = Info.plist; sourceTree = "<group>"; };
		429411DA25AC59400081E7C7 /* HardDependenciesTests.xctest */ = {isa = PBXFileReference; explicitFileType = wrapper.cfbundle; includeInIndex = 0; path = HardDependenciesTests.xctest; sourceTree = BUILT_PRODUCTS_DIR; };
		429411E025AC59400081E7C7 /* Info.plist */ = {isa = PBXFileReference; lastKnownFileType = text.plist.xml; path = Info.plist; sourceTree = "<group>"; };
		429411E525AC59400081E7C7 /* HardDependenciesUITests.xctest */ = {isa = PBXFileReference; explicitFileType = wrapper.cfbundle; includeInIndex = 0; path = HardDependenciesUITests.xctest; sourceTree = BUILT_PRODUCTS_DIR; };
		429411E925AC59400081E7C7 /* HardDependenciesUITests.swift */ = {isa = PBXFileReference; lastKnownFileType = sourcecode.swift; path = HardDependenciesUITests.swift; sourceTree = "<group>"; };
		429411EB25AC59400081E7C7 /* Info.plist */ = {isa = PBXFileReference; lastKnownFileType = text.plist.xml; path = Info.plist; sourceTree = "<group>"; };
		4294120025AC59CE0081E7C7 /* HardDependenciesTests.swift */ = {isa = PBXFileReference; lastKnownFileType = sourcecode.swift; path = HardDependenciesTests.swift; sourceTree = "<group>"; };
		4294120525AC59F30081E7C7 /* Analytics.swift */ = {isa = PBXFileReference; lastKnownFileType = sourcecode.swift; path = Analytics.swift; sourceTree = "<group>"; };
		4294120A25AC5A9C0081E7C7 /* MySingletonAnalytics.swift */ = {isa = PBXFileReference; lastKnownFileType = sourcecode.swift; path = MySingletonAnalytics.swift; sourceTree = "<group>"; };
		4294120F25ACFA5D0081E7C7 /* InstancePropertyViewController.swift */ = {isa = PBXFileReference; lastKnownFileType = sourcecode.swift; path = InstancePropertyViewController.swift; sourceTree = "<group>"; };
		4294121425ACFAF60081E7C7 /* ClosurePropertyViewController.swift */ = {isa = PBXFileReference; lastKnownFileType = sourcecode.swift; path = ClosurePropertyViewController.swift; sourceTree = "<group>"; };
/* End PBXFileReference section */

/* Begin PBXFrameworksBuildPhase section */
		429411C125AC593F0081E7C7 /* Frameworks */ = {
			isa = PBXFrameworksBuildPhase;
			buildActionMask = 2147483647;
			files = (
			);
			runOnlyForDeploymentPostprocessing = 0;
		};
		429411D725AC59400081E7C7 /* Frameworks */ = {
			isa = PBXFrameworksBuildPhase;
			buildActionMask = 2147483647;
			files = (
			);
			runOnlyForDeploymentPostprocessing = 0;
		};
		429411E225AC59400081E7C7 /* Frameworks */ = {
			isa = PBXFrameworksBuildPhase;
			buildActionMask = 2147483647;
			files = (
			);
			runOnlyForDeploymentPostprocessing = 0;
		};
/* End PBXFrameworksBuildPhase section */

/* Begin PBXGroup section */
		429411BB25AC593F0081E7C7 = {
			isa = PBXGroup;
			children = (
				429411C625AC593F0081E7C7 /* HardDependencies */,
				429411DD25AC59400081E7C7 /* HardDependenciesTests */,
				429411E825AC59400081E7C7 /* HardDependenciesUITests */,
				429411C525AC593F0081E7C7 /* Products */,
			);
			sourceTree = "<group>";
		};
		429411C525AC593F0081E7C7 /* Products */ = {
			isa = PBXGroup;
			children = (
				429411C425AC593F0081E7C7 /* HardDependencies.app */,
				429411DA25AC59400081E7C7 /* HardDependenciesTests.xctest */,
				429411E525AC59400081E7C7 /* HardDependenciesUITests.xctest */,
			);
			name = Products;
			sourceTree = "<group>";
		};
		429411C625AC593F0081E7C7 /* HardDependencies */ = {
			isa = PBXGroup;
			children = (
				429411C725AC593F0081E7C7 /* AppDelegate.swift */,
				429411C925AC593F0081E7C7 /* SceneDelegate.swift */,
				429411CB25AC593F0081E7C7 /* ViewController.swift */,
				429411CD25AC593F0081E7C7 /* Main.storyboard */,
				429411D025AC59400081E7C7 /* Assets.xcassets */,
				429411D225AC59400081E7C7 /* LaunchScreen.storyboard */,
				429411D525AC59400081E7C7 /* Info.plist */,
				4294120525AC59F30081E7C7 /* Analytics.swift */,
				4294120A25AC5A9C0081E7C7 /* MySingletonAnalytics.swift */,
				4294120F25ACFA5D0081E7C7 /* InstancePropertyViewController.swift */,
				4294121425ACFAF60081E7C7 /* ClosurePropertyViewController.swift */,
			);
			path = HardDependencies;
			sourceTree = "<group>";
		};
		429411DD25AC59400081E7C7 /* HardDependenciesTests */ = {
			isa = PBXGroup;
			children = (
				429411E025AC59400081E7C7 /* Info.plist */,
				4294120025AC59CE0081E7C7 /* HardDependenciesTests.swift */,
			);
			path = HardDependenciesTests;
			sourceTree = "<group>";
		};
		429411E825AC59400081E7C7 /* HardDependenciesUITests */ = {
			isa = PBXGroup;
			children = (
				429411E925AC59400081E7C7 /* HardDependenciesUITests.swift */,
				429411EB25AC59400081E7C7 /* Info.plist */,
			);
			path = HardDependenciesUITests;
			sourceTree = "<group>";
		};
/* End PBXGroup section */

/* Begin PBXNativeTarget section */
		429411C325AC593F0081E7C7 /* HardDependencies */ = {
			isa = PBXNativeTarget;
			buildConfigurationList = 429411EE25AC59400081E7C7 /* Build configuration list for PBXNativeTarget "HardDependencies" */;
			buildPhases = (
				429411C025AC593F0081E7C7 /* Sources */,
				429411C125AC593F0081E7C7 /* Frameworks */,
				429411C225AC593F0081E7C7 /* Resources */,
			);
			buildRules = (
			);
			dependencies = (
			);
			name = HardDependencies;
			productName = HardDependencies;
			productReference = 429411C425AC593F0081E7C7 /* HardDependencies.app */;
			productType = "com.apple.product-type.application";
		};
		429411D925AC59400081E7C7 /* HardDependenciesTests */ = {
			isa = PBXNativeTarget;
			buildConfigurationList = 429411F125AC59400081E7C7 /* Build configuration list for PBXNativeTarget "HardDependenciesTests" */;
			buildPhases = (
				429411D625AC59400081E7C7 /* Sources */,
				429411D725AC59400081E7C7 /* Frameworks */,
				429411D825AC59400081E7C7 /* Resources */,
			);
			buildRules = (
			);
			dependencies = (
				429411DC25AC59400081E7C7 /* PBXTargetDependency */,
			);
			name = HardDependenciesTests;
			productName = HardDependenciesTests;
			productReference = 429411DA25AC59400081E7C7 /* HardDependenciesTests.xctest */;
			productType = "com.apple.product-type.bundle.unit-test";
		};
		429411E425AC59400081E7C7 /* HardDependenciesUITests */ = {
			isa = PBXNativeTarget;
			buildConfigurationList = 429411F425AC59400081E7C7 /* Build configuration list for PBXNativeTarget "HardDependenciesUITests" */;
			buildPhases = (
				429411E125AC59400081E7C7 /* Sources */,
				429411E225AC59400081E7C7 /* Frameworks */,
				429411E325AC59400081E7C7 /* Resources */,
			);
			buildRules = (
			);
			dependencies = (
				429411E725AC59400081E7C7 /* PBXTargetDependency */,
			);
			name = HardDependenciesUITests;
			productName = HardDependenciesUITests;
			productReference = 429411E525AC59400081E7C7 /* HardDependenciesUITests.xctest */;
			productType = "com.apple.product-type.bundle.ui-testing";
		};
/* End PBXNativeTarget section */

/* Begin PBXProject section */
		429411BC25AC593F0081E7C7 /* Project object */ = {
			isa = PBXProject;
			attributes = {
				LastSwiftUpdateCheck = 1230;
				LastUpgradeCheck = 1230;
				TargetAttributes = {
					429411C325AC593F0081E7C7 = {
						CreatedOnToolsVersion = 12.3;
					};
					429411D925AC59400081E7C7 = {
						CreatedOnToolsVersion = 12.3;
						LastSwiftMigration = 1230;
						TestTargetID = 429411C325AC593F0081E7C7;
					};
					429411E425AC59400081E7C7 = {
						CreatedOnToolsVersion = 12.3;
						TestTargetID = 429411C325AC593F0081E7C7;
					};
				};
			};
			buildConfigurationList = 429411BF25AC593F0081E7C7 /* Build configuration list for PBXProject "HardDependencies" */;
			compatibilityVersion = "Xcode 9.3";
			developmentRegion = en;
			hasScannedForEncodings = 0;
			knownRegions = (
				en,
				Base,
			);
			mainGroup = 429411BB25AC593F0081E7C7;
			productRefGroup = 429411C525AC593F0081E7C7 /* Products */;
			projectDirPath = "";
			projectRoot = "";
			targets = (
				429411C325AC593F0081E7C7 /* HardDependencies */,
				429411D925AC59400081E7C7 /* HardDependenciesTests */,
				429411E425AC59400081E7C7 /* HardDependenciesUITests */,
			);
		};
/* End PBXProject section */

/* Begin PBXResourcesBuildPhase section */
		429411C225AC593F0081E7C7 /* Resources */ = {
			isa = PBXResourcesBuildPhase;
			buildActionMask = 2147483647;
			files = (
				429411D425AC59400081E7C7 /* LaunchScreen.storyboard in Resources */,
				429411D125AC59400081E7C7 /* Assets.xcassets in Resources */,
				429411CF25AC593F0081E7C7 /* Main.storyboard in Resources */,
			);
			runOnlyForDeploymentPostprocessing = 0;
		};
		429411D825AC59400081E7C7 /* Resources */ = {
			isa = PBXResourcesBuildPhase;
			buildActionMask = 2147483647;
			files = (
			);
			runOnlyForDeploymentPostprocessing = 0;
		};
		429411E325AC59400081E7C7 /* Resources */ = {
			isa = PBXResourcesBuildPhase;
			buildActionMask = 2147483647;
			files = (
			);
			runOnlyForDeploymentPostprocessing = 0;
		};
/* End PBXResourcesBuildPhase section */

/* Begin PBXSourcesBuildPhase section */
		429411C025AC593F0081E7C7 /* Sources */ = {
			isa = PBXSourcesBuildPhase;
			buildActionMask = 2147483647;
			files = (
				429411CC25AC593F0081E7C7 /* ViewController.swift in Sources */,
				429411C825AC593F0081E7C7 /* AppDelegate.swift in Sources */,
				4294120625AC59F30081E7C7 /* Analytics.swift in Sources */,
				4294120B25AC5A9C0081E7C7 /* MySingletonAnalytics.swift in Sources */,
				4294121025ACFA5D0081E7C7 /* InstancePropertyViewController.swift in Sources */,
				429411CA25AC593F0081E7C7 /* SceneDelegate.swift in Sources */,
				4294121525ACFAF60081E7C7 /* ClosurePropertyViewController.swift in Sources */,
			);
			runOnlyForDeploymentPostprocessing = 0;
		};
		429411D625AC59400081E7C7 /* Sources */ = {
			isa = PBXSourcesBuildPhase;
			buildActionMask = 2147483647;
			files = (
				4294120125AC59CE0081E7C7 /* HardDependenciesTests.swift in Sources */,
			);
			runOnlyForDeploymentPostprocessing = 0;
		};
		429411E125AC59400081E7C7 /* Sources */ = {
			isa = PBXSourcesBuildPhase;
			buildActionMask = 2147483647;
			files = (
				429411EA25AC59400081E7C7 /* HardDependenciesUITests.swift in Sources */,
			);
			runOnlyForDeploymentPostprocessing = 0;
		};
/* End PBXSourcesBuildPhase section */

/* Begin PBXTargetDependency section */
		429411DC25AC59400081E7C7 /* PBXTargetDependency */ = {
			isa = PBXTargetDependency;
			target = 429411C325AC593F0081E7C7 /* HardDependencies */;
			targetProxy = 429411DB25AC59400081E7C7 /* PBXContainerItemProxy */;
		};
		429411E725AC59400081E7C7 /* PBXTargetDependency */ = {
			isa = PBXTargetDependency;
			target = 429411C325AC593F0081E7C7 /* HardDependencies */;
			targetProxy = 429411E625AC59400081E7C7 /* PBXContainerItemProxy */;
		};
/* End PBXTargetDependency section */

/* Begin PBXVariantGroup section */
		429411CD25AC593F0081E7C7 /* Main.storyboard */ = {
			isa = PBXVariantGroup;
			children = (
				429411CE25AC593F0081E7C7 /* Base */,
			);
			name = Main.storyboard;
			sourceTree = "<group>";
		};
		429411D225AC59400081E7C7 /* LaunchScreen.storyboard */ = {
			isa = PBXVariantGroup;
			children = (
				429411D325AC59400081E7C7 /* Base */,
			);
			name = LaunchScreen.storyboard;
			sourceTree = "<group>";
		};
/* End PBXVariantGroup section */

/* Begin XCBuildConfiguration section */
		429411EC25AC59400081E7C7 /* Debug */ = {
			isa = XCBuildConfiguration;
			buildSettings = {
				ALWAYS_SEARCH_USER_PATHS = NO;
				CLANG_ANALYZER_NONNULL = YES;
				CLANG_ANALYZER_NUMBER_OBJECT_CONVERSION = YES_AGGRESSIVE;
				CLANG_CXX_LANGUAGE_STANDARD = "gnu++14";
				CLANG_CXX_LIBRARY = "libc++";
				CLANG_ENABLE_MODULES = YES;
				CLANG_ENABLE_OBJC_ARC = YES;
				CLANG_ENABLE_OBJC_WEAK = YES;
				CLANG_WARN_BLOCK_CAPTURE_AUTORELEASING = YES;
				CLANG_WARN_BOOL_CONVERSION = YES;
				CLANG_WARN_COMMA = YES;
				CLANG_WARN_CONSTANT_CONVERSION = YES;
				CLANG_WARN_DEPRECATED_OBJC_IMPLEMENTATIONS = YES;
				CLANG_WARN_DIRECT_OBJC_ISA_USAGE = YES_ERROR;
				CLANG_WARN_DOCUMENTATION_COMMENTS = YES;
				CLANG_WARN_EMPTY_BODY = YES;
				CLANG_WARN_ENUM_CONVERSION = YES;
				CLANG_WARN_INFINITE_RECURSION = YES;
				CLANG_WARN_INT_CONVERSION = YES;
				CLANG_WARN_NON_LITERAL_NULL_CONVERSION = YES;
				CLANG_WARN_OBJC_IMPLICIT_RETAIN_SELF = YES;
				CLANG_WARN_OBJC_LITERAL_CONVERSION = YES;
				CLANG_WARN_OBJC_ROOT_CLASS = YES_ERROR;
				CLANG_WARN_QUOTED_INCLUDE_IN_FRAMEWORK_HEADER = YES;
				CLANG_WARN_RANGE_LOOP_ANALYSIS = YES;
				CLANG_WARN_STRICT_PROTOTYPES = YES;
				CLANG_WARN_SUSPICIOUS_MOVE = YES;
				CLANG_WARN_UNGUARDED_AVAILABILITY = YES_AGGRESSIVE;
				CLANG_WARN_UNREACHABLE_CODE = YES;
				CLANG_WARN__DUPLICATE_METHOD_MATCH = YES;
				COPY_PHASE_STRIP = NO;
				DEBUG_INFORMATION_FORMAT = dwarf;
				ENABLE_STRICT_OBJC_MSGSEND = YES;
				ENABLE_TESTABILITY = YES;
				GCC_C_LANGUAGE_STANDARD = gnu11;
				GCC_DYNAMIC_NO_PIC = NO;
				GCC_NO_COMMON_BLOCKS = YES;
				GCC_OPTIMIZATION_LEVEL = 0;
				GCC_PREPROCESSOR_DEFINITIONS = (
					"DEBUG=1",
					"$(inherited)",
				);
				GCC_WARN_64_TO_32_BIT_CONVERSION = YES;
				GCC_WARN_ABOUT_RETURN_TYPE = YES_ERROR;
				GCC_WARN_UNDECLARED_SELECTOR = YES;
				GCC_WARN_UNINITIALIZED_AUTOS = YES_AGGRESSIVE;
				GCC_WARN_UNUSED_FUNCTION = YES;
				GCC_WARN_UNUSED_VARIABLE = YES;
				IPHONEOS_DEPLOYMENT_TARGET = 14.3;
				MTL_ENABLE_DEBUG_INFO = INCLUDE_SOURCE;
				MTL_FAST_MATH = YES;
				ONLY_ACTIVE_ARCH = YES;
				SDKROOT = iphoneos;
				SWIFT_ACTIVE_COMPILATION_CONDITIONS = DEBUG;
				SWIFT_OPTIMIZATION_LEVEL = "-Onone";
			};
			name = Debug;
		};
		429411ED25AC59400081E7C7 /* Release */ = {
			isa = XCBuildConfiguration;
			buildSettings = {
				ALWAYS_SEARCH_USER_PATHS = NO;
				CLANG_ANALYZER_NONNULL = YES;
				CLANG_ANALYZER_NUMBER_OBJECT_CONVERSION = YES_AGGRESSIVE;
				CLANG_CXX_LANGUAGE_STANDARD = "gnu++14";
				CLANG_CXX_LIBRARY = "libc++";
				CLANG_ENABLE_MODULES = YES;
				CLANG_ENABLE_OBJC_ARC = YES;
				CLANG_ENABLE_OBJC_WEAK = YES;
				CLANG_WARN_BLOCK_CAPTURE_AUTORELEASING = YES;
				CLANG_WARN_BOOL_CONVERSION = YES;
				CLANG_WARN_COMMA = YES;
				CLANG_WARN_CONSTANT_CONVERSION = YES;
				CLANG_WARN_DEPRECATED_OBJC_IMPLEMENTATIONS = YES;
				CLANG_WARN_DIRECT_OBJC_ISA_USAGE = YES_ERROR;
				CLANG_WARN_DOCUMENTATION_COMMENTS = YES;
				CLANG_WARN_EMPTY_BODY = YES;
				CLANG_WARN_ENUM_CONVERSION = YES;
				CLANG_WARN_INFINITE_RECURSION = YES;
				CLANG_WARN_INT_CONVERSION = YES;
				CLANG_WARN_NON_LITERAL_NULL_CONVERSION = YES;
				CLANG_WARN_OBJC_IMPLICIT_RETAIN_SELF = YES;
				CLANG_WARN_OBJC_LITERAL_CONVERSION = YES;
				CLANG_WARN_OBJC_ROOT_CLASS = YES_ERROR;
				CLANG_WARN_QUOTED_INCLUDE_IN_FRAMEWORK_HEADER = YES;
				CLANG_WARN_RANGE_LOOP_ANALYSIS = YES;
				CLANG_WARN_STRICT_PROTOTYPES = YES;
				CLANG_WARN_SUSPICIOUS_MOVE = YES;
				CLANG_WARN_UNGUARDED_AVAILABILITY = YES_AGGRESSIVE;
				CLANG_WARN_UNREACHABLE_CODE = YES;
				CLANG_WARN__DUPLICATE_METHOD_MATCH = YES;
				COPY_PHASE_STRIP = NO;
				DEBUG_INFORMATION_FORMAT = "dwarf-with-dsym";
				ENABLE_NS_ASSERTIONS = NO;
				ENABLE_STRICT_OBJC_MSGSEND = YES;
				GCC_C_LANGUAGE_STANDARD = gnu11;
				GCC_NO_COMMON_BLOCKS = YES;
				GCC_WARN_64_TO_32_BIT_CONVERSION = YES;
				GCC_WARN_ABOUT_RETURN_TYPE = YES_ERROR;
				GCC_WARN_UNDECLARED_SELECTOR = YES;
				GCC_WARN_UNINITIALIZED_AUTOS = YES_AGGRESSIVE;
				GCC_WARN_UNUSED_FUNCTION = YES;
				GCC_WARN_UNUSED_VARIABLE = YES;
				IPHONEOS_DEPLOYMENT_TARGET = 14.3;
				MTL_ENABLE_DEBUG_INFO = NO;
				MTL_FAST_MATH = YES;
				SDKROOT = iphoneos;
				SWIFT_COMPILATION_MODE = wholemodule;
				SWIFT_OPTIMIZATION_LEVEL = "-O";
				VALIDATE_PRODUCT = YES;
			};
			name = Release;
		};
		429411EF25AC59400081E7C7 /* Debug */ = {
			isa = XCBuildConfiguration;
			buildSettings = {
				ASSETCATALOG_COMPILER_APPICON_NAME = AppIcon;
				ASSETCATALOG_COMPILER_GLOBAL_ACCENT_COLOR_NAME = AccentColor;
				CODE_SIGN_STYLE = Automatic;
				DEVELOPMENT_TEAM = 8XPT9US388;
				INFOPLIST_FILE = HardDependencies/Info.plist;
				LD_RUNPATH_SEARCH_PATHS = (
					"$(inherited)",
					"@executable_path/Frameworks",
				);
				PRODUCT_BUNDLE_IDENTIFIER = br.com.ataias.HardDependencies;
				PRODUCT_NAME = "$(TARGET_NAME)";
				SWIFT_VERSION = 5.0;
				TARGETED_DEVICE_FAMILY = "1,2";
			};
			name = Debug;
		};
		429411F025AC59400081E7C7 /* Release */ = {
			isa = XCBuildConfiguration;
			buildSettings = {
				ASSETCATALOG_COMPILER_APPICON_NAME = AppIcon;
				ASSETCATALOG_COMPILER_GLOBAL_ACCENT_COLOR_NAME = AccentColor;
				CODE_SIGN_STYLE = Automatic;
				DEVELOPMENT_TEAM = 8XPT9US388;
				INFOPLIST_FILE = HardDependencies/Info.plist;
				LD_RUNPATH_SEARCH_PATHS = (
					"$(inherited)",
					"@executable_path/Frameworks",
				);
				PRODUCT_BUNDLE_IDENTIFIER = br.com.ataias.HardDependencies;
				PRODUCT_NAME = "$(TARGET_NAME)";
				SWIFT_VERSION = 5.0;
				TARGETED_DEVICE_FAMILY = "1,2";
			};
			name = Release;
		};
		429411F225AC59400081E7C7 /* Debug */ = {
			isa = XCBuildConfiguration;
			buildSettings = {
				ALWAYS_EMBED_SWIFT_STANDARD_LIBRARIES = YES;
				BUNDLE_LOADER = "$(TEST_HOST)";
				CLANG_ENABLE_MODULES = YES;
				CODE_SIGN_STYLE = Automatic;
				DEVELOPMENT_TEAM = 8XPT9US388;
				INFOPLIST_FILE = HardDependenciesTests/Info.plist;
				IPHONEOS_DEPLOYMENT_TARGET = 14.3;
				LD_RUNPATH_SEARCH_PATHS = (
					"$(inherited)",
					"@executable_path/Frameworks",
					"@loader_path/Frameworks",
				);
				PRODUCT_BUNDLE_IDENTIFIER = br.com.ataias.HardDependenciesTests;
				PRODUCT_NAME = "$(TARGET_NAME)";
				SWIFT_OPTIMIZATION_LEVEL = "-Onone";
				SWIFT_VERSION = 5.0;
				TARGETED_DEVICE_FAMILY = "1,2";
				TEST_HOST = "$(BUILT_PRODUCTS_DIR)/HardDependencies.app/HardDependencies";
			};
			name = Debug;
		};
		429411F325AC59400081E7C7 /* Release */ = {
			isa = XCBuildConfiguration;
			buildSettings = {
				ALWAYS_EMBED_SWIFT_STANDARD_LIBRARIES = YES;
				BUNDLE_LOADER = "$(TEST_HOST)";
				CLANG_ENABLE_MODULES = YES;
				CODE_SIGN_STYLE = Automatic;
				DEVELOPMENT_TEAM = 8XPT9US388;
				INFOPLIST_FILE = HardDependenciesTests/Info.plist;
				IPHONEOS_DEPLOYMENT_TARGET = 14.3;
				LD_RUNPATH_SEARCH_PATHS = (
					"$(inherited)",
					"@executable_path/Frameworks",
					"@loader_path/Frameworks",
				);
				PRODUCT_BUNDLE_IDENTIFIER = br.com.ataias.HardDependenciesTests;
				PRODUCT_NAME = "$(TARGET_NAME)";
				SWIFT_VERSION = 5.0;
				TARGETED_DEVICE_FAMILY = "1,2";
				TEST_HOST = "$(BUILT_PRODUCTS_DIR)/HardDependencies.app/HardDependencies";
			};
			name = Release;
		};
		429411F525AC59400081E7C7 /* Debug */ = {
			isa = XCBuildConfiguration;
			buildSettings = {
				ALWAYS_EMBED_SWIFT_STANDARD_LIBRARIES = YES;
				CODE_SIGN_STYLE = Automatic;
				DEVELOPMENT_TEAM = 8XPT9US388;
				INFOPLIST_FILE = HardDependenciesUITests/Info.plist;
				LD_RUNPATH_SEARCH_PATHS = (
					"$(inherited)",
					"@executable_path/Frameworks",
					"@loader_path/Frameworks",
				);
				PRODUCT_BUNDLE_IDENTIFIER = br.com.ataias.HardDependenciesUITests;
				PRODUCT_NAME = "$(TARGET_NAME)";
				SWIFT_VERSION = 5.0;
				TARGETED_DEVICE_FAMILY = "1,2";
				TEST_TARGET_NAME = HardDependencies;
			};
			name = Debug;
		};
		429411F625AC59400081E7C7 /* Release */ = {
			isa = XCBuildConfiguration;
			buildSettings = {
				ALWAYS_EMBED_SWIFT_STANDARD_LIBRARIES = YES;
				CODE_SIGN_STYLE = Automatic;
				DEVELOPMENT_TEAM = 8XPT9US388;
				INFOPLIST_FILE = HardDependenciesUITests/Info.plist;
				LD_RUNPATH_SEARCH_PATHS = (
					"$(inherited)",
					"@executable_path/Frameworks",
					"@loader_path/Frameworks",
				);
				PRODUCT_BUNDLE_IDENTIFIER = br.com.ataias.HardDependenciesUITests;
				PRODUCT_NAME = "$(TARGET_NAME)";
				SWIFT_VERSION = 5.0;
				TARGETED_DEVICE_FAMILY = "1,2";
				TEST_TARGET_NAME = HardDependencies;
			};
			name = Release;
		};
/* End XCBuildConfiguration section */

/* Begin XCConfigurationList section */
		429411BF25AC593F0081E7C7 /* Build configuration list for PBXProject "HardDependencies" */ = {
			isa = XCConfigurationList;
			buildConfigurations = (
				429411EC25AC59400081E7C7 /* Debug */,
				429411ED25AC59400081E7C7 /* Release */,
			);
			defaultConfigurationIsVisible = 0;
			defaultConfigurationName = Release;
		};
		429411EE25AC59400081E7C7 /* Build configuration list for PBXNativeTarget "HardDependencies" */ = {
			isa = XCConfigurationList;
			buildConfigurations = (
				429411EF25AC59400081E7C7 /* Debug */,
				429411F025AC59400081E7C7 /* Release */,
			);
			defaultConfigurationIsVisible = 0;
			defaultConfigurationName = Release;
		};
		429411F125AC59400081E7C7 /* Build configuration list for PBXNativeTarget "HardDependenciesTests" */ = {
			isa = XCConfigurationList;
			buildConfigurations = (
				429411F225AC59400081E7C7 /* Debug */,
				429411F325AC59400081E7C7 /* Release */,
			);
			defaultConfigurationIsVisible = 0;
			defaultConfigurationName = Release;
		};
		429411F425AC59400081E7C7 /* Build configuration list for PBXNativeTarget "HardDependenciesUITests" */ = {
			isa = XCConfigurationList;
			buildConfigurations = (
				429411F525AC59400081E7C7 /* Debug */,
				429411F625AC59400081E7C7 /* Release */,
			);
			defaultConfigurationIsVisible = 0;
			defaultConfigurationName = Release;
		};
/* End XCConfigurationList section */
	};
	rootObject = 429411BC25AC593F0081E7C7 /* Project object */;
}
