// !$*UTF8*$!
{
	archiveVersion = 1;
	classes = {
	};
	objectVersion = 50;
	objects = {

/* Begin PBXBuildFile section */
		425FA96425AAFF4D00CDD4AF /* AppDelegate.swift in Sources */ = {isa = PBXBuildFile; fileRef = 425FA96325AAFF4D00CDD4AF /* AppDelegate.swift */; };
		425FA96625AAFF4D00CDD4AF /* SceneDelegate.swift in Sources */ = {isa = PBXBuildFile; fileRef = 425FA96525AAFF4D00CDD4AF /* SceneDelegate.swift */; };
		425FA96825AAFF4D00CDD4AF /* ViewController.swift in Sources */ = {isa = PBXBuildFile; fileRef = 425FA96725AAFF4D00CDD4AF /* ViewController.swift */; };
		425FA96B25AAFF4D00CDD4AF /* Main.storyboard in Resources */ = {isa = PBXBuildFile; fileRef = 425FA96925AAFF4D00CDD4AF /* Main.storyboard */; };
		425FA96D25AAFF4E00CDD4AF /* Assets.xcassets in Resources */ = {isa = PBXBuildFile; fileRef = 425FA96C25AAFF4E00CDD4AF /* Assets.xcassets */; };
		425FA97025AAFF4E00CDD4AF /* LaunchScreen.storyboard in Resources */ = {isa = PBXBuildFile; fileRef = 425FA96E25AAFF4E00CDD4AF /* LaunchScreen.storyboard */; };
		425FA97B25AAFF4F00CDD4AF /* LoadViewControllersTests.swift in Sources */ = {isa = PBXBuildFile; fileRef = 425FA97A25AAFF4F00CDD4AF /* LoadViewControllersTests.swift */; };
		425FA98625AAFF4F00CDD4AF /* LoadViewControllersUITests.swift in Sources */ = {isa = PBXBuildFile; fileRef = 425FA98525AAFF4F00CDD4AF /* LoadViewControllersUITests.swift */; };
		425FA99725AAFFE700CDD4AF /* StoryBoardBasedViewController.swift in Sources */ = {isa = PBXBuildFile; fileRef = 425FA99625AAFFE700CDD4AF /* StoryBoardBasedViewController.swift */; };
		425FA99C25AB00FB00CDD4AF /* StoryBoardBasedViewControllerTests.swift in Sources */ = {isa = PBXBuildFile; fileRef = 425FA99B25AB00FB00CDD4AF /* StoryBoardBasedViewControllerTests.swift */; };
		425FA9A125AB044B00CDD4AF /* CodeBasedViewController.swift in Sources */ = {isa = PBXBuildFile; fileRef = 425FA9A025AB044B00CDD4AF /* CodeBasedViewController.swift */; };
		425FA9A625AB053500CDD4AF /* CodeBasedViewControllerTests.swift in Sources */ = {isa = PBXBuildFile; fileRef = 425FA9A525AB053500CDD4AF /* CodeBasedViewControllerTests.swift */; };
/* End PBXBuildFile section */

/* Begin PBXContainerItemProxy section */
		425FA97725AAFF4E00CDD4AF /* PBXContainerItemProxy */ = {
			isa = PBXContainerItemProxy;
			containerPortal = 425FA95825AAFF4D00CDD4AF /* Project object */;
			proxyType = 1;
			remoteGlobalIDString = 425FA95F25AAFF4D00CDD4AF;
			remoteInfo = LoadViewControllers;
		};
		425FA98225AAFF4F00CDD4AF /* PBXContainerItemProxy */ = {
			isa = PBXContainerItemProxy;
			containerPortal = 425FA95825AAFF4D00CDD4AF /* Project object */;
			proxyType = 1;
			remoteGlobalIDString = 425FA95F25AAFF4D00CDD4AF;
			remoteInfo = LoadViewControllers;
		};
/* End PBXContainerItemProxy section */

/* Begin PBXFileReference section */
		425FA96025AAFF4D00CDD4AF /* LoadViewControllers.app */ = {isa = PBXFileReference; explicitFileType = wrapper.application; includeInIndex = 0; path = LoadViewControllers.app; sourceTree = BUILT_PRODUCTS_DIR; };
		425FA96325AAFF4D00CDD4AF /* AppDelegate.swift */ = {isa = PBXFileReference; lastKnownFileType = sourcecode.swift; path = AppDelegate.swift; sourceTree = "<group>"; };
		425FA96525AAFF4D00CDD4AF /* SceneDelegate.swift */ = {isa = PBXFileReference; lastKnownFileType = sourcecode.swift; path = SceneDelegate.swift; sourceTree = "<group>"; };
		425FA96725AAFF4D00CDD4AF /* ViewController.swift */ = {isa = PBXFileReference; lastKnownFileType = sourcecode.swift; path = ViewController.swift; sourceTree = "<group>"; };
		425FA96A25AAFF4D00CDD4AF /* Base */ = {isa = PBXFileReference; lastKnownFileType = file.storyboard; name = Base; path = Base.lproj/Main.storyboard; sourceTree = "<group>"; };
		425FA96C25AAFF4E00CDD4AF /* Assets.xcassets */ = {isa = PBXFileReference; lastKnownFileType = folder.assetcatalog; path = Assets.xcassets; sourceTree = "<group>"; };
		425FA96F25AAFF4E00CDD4AF /* Base */ = {isa = PBXFileReference; lastKnownFileType = file.storyboard; name = Base; path = Base.lproj/LaunchScreen.storyboard; sourceTree = "<group>"; };
		425FA97125AAFF4E00CDD4AF /* Info.plist */ = {isa = PBXFileReference; lastKnownFileType = text.plist.xml; path = Info.plist; sourceTree = "<group>"; };
		425FA97625AAFF4E00CDD4AF /* LoadViewControllersTests.xctest */ = {isa = PBXFileReference; explicitFileType = wrapper.cfbundle; includeInIndex = 0; path = LoadViewControllersTests.xctest; sourceTree = BUILT_PRODUCTS_DIR; };
		425FA97A25AAFF4F00CDD4AF /* LoadViewControllersTests.swift */ = {isa = PBXFileReference; lastKnownFileType = sourcecode.swift; path = LoadViewControllersTests.swift; sourceTree = "<group>"; };
		425FA97C25AAFF4F00CDD4AF /* Info.plist */ = {isa = PBXFileReference; lastKnownFileType = text.plist.xml; path = Info.plist; sourceTree = "<group>"; };
		425FA98125AAFF4F00CDD4AF /* LoadViewControllersUITests.xctest */ = {isa = PBXFileReference; explicitFileType = wrapper.cfbundle; includeInIndex = 0; path = LoadViewControllersUITests.xctest; sourceTree = BUILT_PRODUCTS_DIR; };
		425FA98525AAFF4F00CDD4AF /* LoadViewControllersUITests.swift */ = {isa = PBXFileReference; lastKnownFileType = sourcecode.swift; path = LoadViewControllersUITests.swift; sourceTree = "<group>"; };
		425FA98725AAFF4F00CDD4AF /* Info.plist */ = {isa = PBXFileReference; lastKnownFileType = text.plist.xml; path = Info.plist; sourceTree = "<group>"; };
		425FA99625AAFFE700CDD4AF /* StoryBoardBasedViewController.swift */ = {isa = PBXFileReference; lastKnownFileType = sourcecode.swift; path = StoryBoardBasedViewController.swift; sourceTree = "<group>"; };
		425FA99B25AB00FB00CDD4AF /* StoryBoardBasedViewControllerTests.swift */ = {isa = PBXFileReference; lastKnownFileType = sourcecode.swift; path = StoryBoardBasedViewControllerTests.swift; sourceTree = "<group>"; };
		425FA9A025AB044B00CDD4AF /* CodeBasedViewController.swift */ = {isa = PBXFileReference; lastKnownFileType = sourcecode.swift; path = CodeBasedViewController.swift; sourceTree = "<group>"; };
		425FA9A525AB053500CDD4AF /* CodeBasedViewControllerTests.swift */ = {isa = PBXFileReference; lastKnownFileType = sourcecode.swift; path = CodeBasedViewControllerTests.swift; sourceTree = "<group>"; };
/* End PBXFileReference section */

/* Begin PBXFrameworksBuildPhase section */
		425FA95D25AAFF4D00CDD4AF /* Frameworks */ = {
			isa = PBXFrameworksBuildPhase;
			buildActionMask = 2147483647;
			files = (
			);
			runOnlyForDeploymentPostprocessing = 0;
		};
		425FA97325AAFF4E00CDD4AF /* Frameworks */ = {
			isa = PBXFrameworksBuildPhase;
			buildActionMask = 2147483647;
			files = (
			);
			runOnlyForDeploymentPostprocessing = 0;
		};
		425FA97E25AAFF4F00CDD4AF /* Frameworks */ = {
			isa = PBXFrameworksBuildPhase;
			buildActionMask = 2147483647;
			files = (
			);
			runOnlyForDeploymentPostprocessing = 0;
		};
/* End PBXFrameworksBuildPhase section */

/* Begin PBXGroup section */
		425FA95725AAFF4D00CDD4AF = {
			isa = PBXGroup;
			children = (
				425FA96225AAFF4D00CDD4AF /* LoadViewControllers */,
				425FA97925AAFF4E00CDD4AF /* LoadViewControllersTests */,
				425FA98425AAFF4F00CDD4AF /* LoadViewControllersUITests */,
				425FA96125AAFF4D00CDD4AF /* Products */,
			);
			sourceTree = "<group>";
		};
		425FA96125AAFF4D00CDD4AF /* Products */ = {
			isa = PBXGroup;
			children = (
				425FA96025AAFF4D00CDD4AF /* LoadViewControllers.app */,
				425FA97625AAFF4E00CDD4AF /* LoadViewControllersTests.xctest */,
				425FA98125AAFF4F00CDD4AF /* LoadViewControllersUITests.xctest */,
			);
			name = Products;
			sourceTree = "<group>";
		};
		425FA96225AAFF4D00CDD4AF /* LoadViewControllers */ = {
			isa = PBXGroup;
			children = (
				425FA96325AAFF4D00CDD4AF /* AppDelegate.swift */,
				425FA96525AAFF4D00CDD4AF /* SceneDelegate.swift */,
				425FA96725AAFF4D00CDD4AF /* ViewController.swift */,
				425FA96925AAFF4D00CDD4AF /* Main.storyboard */,
				425FA96C25AAFF4E00CDD4AF /* Assets.xcassets */,
				425FA96E25AAFF4E00CDD4AF /* LaunchScreen.storyboard */,
				425FA97125AAFF4E00CDD4AF /* Info.plist */,
				425FA99625AAFFE700CDD4AF /* StoryBoardBasedViewController.swift */,
				425FA9A025AB044B00CDD4AF /* CodeBasedViewController.swift */,
			);
			path = LoadViewControllers;
			sourceTree = "<group>";
		};
		425FA97925AAFF4E00CDD4AF /* LoadViewControllersTests */ = {
			isa = PBXGroup;
			children = (
				425FA97A25AAFF4F00CDD4AF /* LoadViewControllersTests.swift */,
				425FA97C25AAFF4F00CDD4AF /* Info.plist */,
				425FA99B25AB00FB00CDD4AF /* StoryBoardBasedViewControllerTests.swift */,
				425FA9A525AB053500CDD4AF /* CodeBasedViewControllerTests.swift */,
			);
			path = LoadViewControllersTests;
			sourceTree = "<group>";
		};
		425FA98425AAFF4F00CDD4AF /* LoadViewControllersUITests */ = {
			isa = PBXGroup;
			children = (
				425FA98525AAFF4F00CDD4AF /* LoadViewControllersUITests.swift */,
				425FA98725AAFF4F00CDD4AF /* Info.plist */,
			);
			path = LoadViewControllersUITests;
			sourceTree = "<group>";
		};
/* End PBXGroup section */

/* Begin PBXNativeTarget section */
		425FA95F25AAFF4D00CDD4AF /* LoadViewControllers */ = {
			isa = PBXNativeTarget;
			buildConfigurationList = 425FA98A25AAFF4F00CDD4AF /* Build configuration list for PBXNativeTarget "LoadViewControllers" */;
			buildPhases = (
				425FA95C25AAFF4D00CDD4AF /* Sources */,
				425FA95D25AAFF4D00CDD4AF /* Frameworks */,
				425FA95E25AAFF4D00CDD4AF /* Resources */,
			);
			buildRules = (
			);
			dependencies = (
			);
			name = LoadViewControllers;
			productName = LoadViewControllers;
			productReference = 425FA96025AAFF4D00CDD4AF /* LoadViewControllers.app */;
			productType = "com.apple.product-type.application";
		};
		425FA97525AAFF4E00CDD4AF /* LoadViewControllersTests */ = {
			isa = PBXNativeTarget;
			buildConfigurationList = 425FA98D25AAFF4F00CDD4AF /* Build configuration list for PBXNativeTarget "LoadViewControllersTests" */;
			buildPhases = (
				425FA97225AAFF4E00CDD4AF /* Sources */,
				425FA97325AAFF4E00CDD4AF /* Frameworks */,
				425FA97425AAFF4E00CDD4AF /* Resources */,
			);
			buildRules = (
			);
			dependencies = (
				425FA97825AAFF4E00CDD4AF /* PBXTargetDependency */,
			);
			name = LoadViewControllersTests;
			productName = LoadViewControllersTests;
			productReference = 425FA97625AAFF4E00CDD4AF /* LoadViewControllersTests.xctest */;
			productType = "com.apple.product-type.bundle.unit-test";
		};
		425FA98025AAFF4F00CDD4AF /* LoadViewControllersUITests */ = {
			isa = PBXNativeTarget;
			buildConfigurationList = 425FA99025AAFF4F00CDD4AF /* Build configuration list for PBXNativeTarget "LoadViewControllersUITests" */;
			buildPhases = (
				425FA97D25AAFF4F00CDD4AF /* Sources */,
				425FA97E25AAFF4F00CDD4AF /* Frameworks */,
				425FA97F25AAFF4F00CDD4AF /* Resources */,
			);
			buildRules = (
			);
			dependencies = (
				425FA98325AAFF4F00CDD4AF /* PBXTargetDependency */,
			);
			name = LoadViewControllersUITests;
			productName = LoadViewControllersUITests;
			productReference = 425FA98125AAFF4F00CDD4AF /* LoadViewControllersUITests.xctest */;
			productType = "com.apple.product-type.bundle.ui-testing";
		};
/* End PBXNativeTarget section */

/* Begin PBXProject section */
		425FA95825AAFF4D00CDD4AF /* Project object */ = {
			isa = PBXProject;
			attributes = {
				LastSwiftUpdateCheck = 1230;
				LastUpgradeCheck = 1230;
				TargetAttributes = {
					425FA95F25AAFF4D00CDD4AF = {
						CreatedOnToolsVersion = 12.3;
					};
					425FA97525AAFF4E00CDD4AF = {
						CreatedOnToolsVersion = 12.3;
						TestTargetID = 425FA95F25AAFF4D00CDD4AF;
					};
					425FA98025AAFF4F00CDD4AF = {
						CreatedOnToolsVersion = 12.3;
						TestTargetID = 425FA95F25AAFF4D00CDD4AF;
					};
				};
			};
			buildConfigurationList = 425FA95B25AAFF4D00CDD4AF /* Build configuration list for PBXProject "LoadViewControllers" */;
			compatibilityVersion = "Xcode 9.3";
			developmentRegion = en;
			hasScannedForEncodings = 0;
			knownRegions = (
				en,
				Base,
			);
			mainGroup = 425FA95725AAFF4D00CDD4AF;
			productRefGroup = 425FA96125AAFF4D00CDD4AF /* Products */;
			projectDirPath = "";
			projectRoot = "";
			targets = (
				425FA95F25AAFF4D00CDD4AF /* LoadViewControllers */,
				425FA97525AAFF4E00CDD4AF /* LoadViewControllersTests */,
				425FA98025AAFF4F00CDD4AF /* LoadViewControllersUITests */,
			);
		};
/* End PBXProject section */

/* Begin PBXResourcesBuildPhase section */
		425FA95E25AAFF4D00CDD4AF /* Resources */ = {
			isa = PBXResourcesBuildPhase;
			buildActionMask = 2147483647;
			files = (
				425FA97025AAFF4E00CDD4AF /* LaunchScreen.storyboard in Resources */,
				425FA96D25AAFF4E00CDD4AF /* Assets.xcassets in Resources */,
				425FA96B25AAFF4D00CDD4AF /* Main.storyboard in Resources */,
			);
			runOnlyForDeploymentPostprocessing = 0;
		};
		425FA97425AAFF4E00CDD4AF /* Resources */ = {
			isa = PBXResourcesBuildPhase;
			buildActionMask = 2147483647;
			files = (
			);
			runOnlyForDeploymentPostprocessing = 0;
		};
		425FA97F25AAFF4F00CDD4AF /* Resources */ = {
			isa = PBXResourcesBuildPhase;
			buildActionMask = 2147483647;
			files = (
			);
			runOnlyForDeploymentPostprocessing = 0;
		};
/* End PBXResourcesBuildPhase section */

/* Begin PBXSourcesBuildPhase section */
		425FA95C25AAFF4D00CDD4AF /* Sources */ = {
			isa = PBXSourcesBuildPhase;
			buildActionMask = 2147483647;
			files = (
				425FA9A125AB044B00CDD4AF /* CodeBasedViewController.swift in Sources */,
				425FA96825AAFF4D00CDD4AF /* ViewController.swift in Sources */,
				425FA99725AAFFE700CDD4AF /* StoryBoardBasedViewController.swift in Sources */,
				425FA96425AAFF4D00CDD4AF /* AppDelegate.swift in Sources */,
				425FA96625AAFF4D00CDD4AF /* SceneDelegate.swift in Sources */,
			);
			runOnlyForDeploymentPostprocessing = 0;
		};
		425FA97225AAFF4E00CDD4AF /* Sources */ = {
			isa = PBXSourcesBuildPhase;
			buildActionMask = 2147483647;
			files = (
				425FA9A625AB053500CDD4AF /* CodeBasedViewControllerTests.swift in Sources */,
				425FA97B25AAFF4F00CDD4AF /* LoadViewControllersTests.swift in Sources */,
				425FA99C25AB00FB00CDD4AF /* StoryBoardBasedViewControllerTests.swift in Sources */,
			);
			runOnlyForDeploymentPostprocessing = 0;
		};
		425FA97D25AAFF4F00CDD4AF /* Sources */ = {
			isa = PBXSourcesBuildPhase;
			buildActionMask = 2147483647;
			files = (
				425FA98625AAFF4F00CDD4AF /* LoadViewControllersUITests.swift in Sources */,
			);
			runOnlyForDeploymentPostprocessing = 0;
		};
/* End PBXSourcesBuildPhase section */

/* Begin PBXTargetDependency section */
		425FA97825AAFF4E00CDD4AF /* PBXTargetDependency */ = {
			isa = PBXTargetDependency;
			target = 425FA95F25AAFF4D00CDD4AF /* LoadViewControllers */;
			targetProxy = 425FA97725AAFF4E00CDD4AF /* PBXContainerItemProxy */;
		};
		425FA98325AAFF4F00CDD4AF /* PBXTargetDependency */ = {
			isa = PBXTargetDependency;
			target = 425FA95F25AAFF4D00CDD4AF /* LoadViewControllers */;
			targetProxy = 425FA98225AAFF4F00CDD4AF /* PBXContainerItemProxy */;
		};
/* End PBXTargetDependency section */

/* Begin PBXVariantGroup section */
		425FA96925AAFF4D00CDD4AF /* Main.storyboard */ = {
			isa = PBXVariantGroup;
			children = (
				425FA96A25AAFF4D00CDD4AF /* Base */,
			);
			name = Main.storyboard;
			sourceTree = "<group>";
		};
		425FA96E25AAFF4E00CDD4AF /* LaunchScreen.storyboard */ = {
			isa = PBXVariantGroup;
			children = (
				425FA96F25AAFF4E00CDD4AF /* Base */,
			);
			name = LaunchScreen.storyboard;
			sourceTree = "<group>";
		};
/* End PBXVariantGroup section */

/* Begin XCBuildConfiguration section */
		425FA98825AAFF4F00CDD4AF /* Debug */ = {
			isa = XCBuildConfiguration;
			buildSettings = {
				ALWAYS_SEARCH_USER_PATHS = NO;
				CLANG_ANALYZER_NONNULL = YES;
				CLANG_ANALYZER_NUMBER_OBJECT_CONVERSION = YES_AGGRESSIVE;
				CLANG_CXX_LANGUAGE_STANDARD = "gnu++14";
				CLANG_CXX_LIBRARY = "libc++";
				CLANG_ENABLE_MODULES = YES;
				CLANG_ENABLE_OBJC_ARC = YES;
				CLANG_ENABLE_OBJC_WEAK = YES;
				CLANG_WARN_BLOCK_CAPTURE_AUTORELEASING = YES;
				CLANG_WARN_BOOL_CONVERSION = YES;
				CLANG_WARN_COMMA = YES;
				CLANG_WARN_CONSTANT_CONVERSION = YES;
				CLANG_WARN_DEPRECATED_OBJC_IMPLEMENTATIONS = YES;
				CLANG_WARN_DIRECT_OBJC_ISA_USAGE = YES_ERROR;
				CLANG_WARN_DOCUMENTATION_COMMENTS = YES;
				CLANG_WARN_EMPTY_BODY = YES;
				CLANG_WARN_ENUM_CONVERSION = YES;
				CLANG_WARN_INFINITE_RECURSION = YES;
				CLANG_WARN_INT_CONVERSION = YES;
				CLANG_WARN_NON_LITERAL_NULL_CONVERSION = YES;
				CLANG_WARN_OBJC_IMPLICIT_RETAIN_SELF = YES;
				CLANG_WARN_OBJC_LITERAL_CONVERSION = YES;
				CLANG_WARN_OBJC_ROOT_CLASS = YES_ERROR;
				CLANG_WARN_QUOTED_INCLUDE_IN_FRAMEWORK_HEADER = YES;
				CLANG_WARN_RANGE_LOOP_ANALYSIS = YES;
				CLANG_WARN_STRICT_PROTOTYPES = YES;
				CLANG_WARN_SUSPICIOUS_MOVE = YES;
				CLANG_WARN_UNGUARDED_AVAILABILITY = YES_AGGRESSIVE;
				CLANG_WARN_UNREACHABLE_CODE = YES;
				CLANG_WARN__DUPLICATE_METHOD_MATCH = YES;
				COPY_PHASE_STRIP = NO;
				DEBUG_INFORMATION_FORMAT = dwarf;
				ENABLE_STRICT_OBJC_MSGSEND = YES;
				ENABLE_TESTABILITY = YES;
				GCC_C_LANGUAGE_STANDARD = gnu11;
				GCC_DYNAMIC_NO_PIC = NO;
				GCC_NO_COMMON_BLOCKS = YES;
				GCC_OPTIMIZATION_LEVEL = 0;
				GCC_PREPROCESSOR_DEFINITIONS = (
					"DEBUG=1",
					"$(inherited)",
				);
				GCC_WARN_64_TO_32_BIT_CONVERSION = YES;
				GCC_WARN_ABOUT_RETURN_TYPE = YES_ERROR;
				GCC_WARN_UNDECLARED_SELECTOR = YES;
				GCC_WARN_UNINITIALIZED_AUTOS = YES_AGGRESSIVE;
				GCC_WARN_UNUSED_FUNCTION = YES;
				GCC_WARN_UNUSED_VARIABLE = YES;
				IPHONEOS_DEPLOYMENT_TARGET = 14.3;
				MTL_ENABLE_DEBUG_INFO = INCLUDE_SOURCE;
				MTL_FAST_MATH = YES;
				ONLY_ACTIVE_ARCH = YES;
				SDKROOT = iphoneos;
				SWIFT_ACTIVE_COMPILATION_CONDITIONS = DEBUG;
				SWIFT_OPTIMIZATION_LEVEL = "-Onone";
			};
			name = Debug;
		};
		425FA98925AAFF4F00CDD4AF /* Release */ = {
			isa = XCBuildConfiguration;
			buildSettings = {
				ALWAYS_SEARCH_USER_PATHS = NO;
				CLANG_ANALYZER_NONNULL = YES;
				CLANG_ANALYZER_NUMBER_OBJECT_CONVERSION = YES_AGGRESSIVE;
				CLANG_CXX_LANGUAGE_STANDARD = "gnu++14";
				CLANG_CXX_LIBRARY = "libc++";
				CLANG_ENABLE_MODULES = YES;
				CLANG_ENABLE_OBJC_ARC = YES;
				CLANG_ENABLE_OBJC_WEAK = YES;
				CLANG_WARN_BLOCK_CAPTURE_AUTORELEASING = YES;
				CLANG_WARN_BOOL_CONVERSION = YES;
				CLANG_WARN_COMMA = YES;
				CLANG_WARN_CONSTANT_CONVERSION = YES;
				CLANG_WARN_DEPRECATED_OBJC_IMPLEMENTATIONS = YES;
				CLANG_WARN_DIRECT_OBJC_ISA_USAGE = YES_ERROR;
				CLANG_WARN_DOCUMENTATION_COMMENTS = YES;
				CLANG_WARN_EMPTY_BODY = YES;
				CLANG_WARN_ENUM_CONVERSION = YES;
				CLANG_WARN_INFINITE_RECURSION = YES;
				CLANG_WARN_INT_CONVERSION = YES;
				CLANG_WARN_NON_LITERAL_NULL_CONVERSION = YES;
				CLANG_WARN_OBJC_IMPLICIT_RETAIN_SELF = YES;
				CLANG_WARN_OBJC_LITERAL_CONVERSION = YES;
				CLANG_WARN_OBJC_ROOT_CLASS = YES_ERROR;
				CLANG_WARN_QUOTED_INCLUDE_IN_FRAMEWORK_HEADER = YES;
				CLANG_WARN_RANGE_LOOP_ANALYSIS = YES;
				CLANG_WARN_STRICT_PROTOTYPES = YES;
				CLANG_WARN_SUSPICIOUS_MOVE = YES;
				CLANG_WARN_UNGUARDED_AVAILABILITY = YES_AGGRESSIVE;
				CLANG_WARN_UNREACHABLE_CODE = YES;
				CLANG_WARN__DUPLICATE_METHOD_MATCH = YES;
				COPY_PHASE_STRIP = NO;
				DEBUG_INFORMATION_FORMAT = "dwarf-with-dsym";
				ENABLE_NS_ASSERTIONS = NO;
				ENABLE_STRICT_OBJC_MSGSEND = YES;
				GCC_C_LANGUAGE_STANDARD = gnu11;
				GCC_NO_COMMON_BLOCKS = YES;
				GCC_WARN_64_TO_32_BIT_CONVERSION = YES;
				GCC_WARN_ABOUT_RETURN_TYPE = YES_ERROR;
				GCC_WARN_UNDECLARED_SELECTOR = YES;
				GCC_WARN_UNINITIALIZED_AUTOS = YES_AGGRESSIVE;
				GCC_WARN_UNUSED_FUNCTION = YES;
				GCC_WARN_UNUSED_VARIABLE = YES;
				IPHONEOS_DEPLOYMENT_TARGET = 14.3;
				MTL_ENABLE_DEBUG_INFO = NO;
				MTL_FAST_MATH = YES;
				SDKROOT = iphoneos;
				SWIFT_COMPILATION_MODE = wholemodule;
				SWIFT_OPTIMIZATION_LEVEL = "-O";
				VALIDATE_PRODUCT = YES;
			};
			name = Release;
		};
		425FA98B25AAFF4F00CDD4AF /* Debug */ = {
			isa = XCBuildConfiguration;
			buildSettings = {
				ASSETCATALOG_COMPILER_APPICON_NAME = AppIcon;
				ASSETCATALOG_COMPILER_GLOBAL_ACCENT_COLOR_NAME = AccentColor;
				CODE_SIGN_STYLE = Automatic;
				DEVELOPMENT_TEAM = 8XPT9US388;
				INFOPLIST_FILE = LoadViewControllers/Info.plist;
				LD_RUNPATH_SEARCH_PATHS = (
					"$(inherited)",
					"@executable_path/Frameworks",
				);
				PRODUCT_BUNDLE_IDENTIFIER = br.com.ataias.LoadViewControllers;
				PRODUCT_NAME = "$(TARGET_NAME)";
				SWIFT_VERSION = 5.0;
				TARGETED_DEVICE_FAMILY = "1,2";
			};
			name = Debug;
		};
		425FA98C25AAFF4F00CDD4AF /* Release */ = {
			isa = XCBuildConfiguration;
			buildSettings = {
				ASSETCATALOG_COMPILER_APPICON_NAME = AppIcon;
				ASSETCATALOG_COMPILER_GLOBAL_ACCENT_COLOR_NAME = AccentColor;
				CODE_SIGN_STYLE = Automatic;
				DEVELOPMENT_TEAM = 8XPT9US388;
				INFOPLIST_FILE = LoadViewControllers/Info.plist;
				LD_RUNPATH_SEARCH_PATHS = (
					"$(inherited)",
					"@executable_path/Frameworks",
				);
				PRODUCT_BUNDLE_IDENTIFIER = br.com.ataias.LoadViewControllers;
				PRODUCT_NAME = "$(TARGET_NAME)";
				SWIFT_VERSION = 5.0;
				TARGETED_DEVICE_FAMILY = "1,2";
			};
			name = Release;
		};
		425FA98E25AAFF4F00CDD4AF /* Debug */ = {
			isa = XCBuildConfiguration;
			buildSettings = {
				ALWAYS_EMBED_SWIFT_STANDARD_LIBRARIES = YES;
				BUNDLE_LOADER = "$(TEST_HOST)";
				CODE_SIGN_STYLE = Automatic;
				DEVELOPMENT_TEAM = 8XPT9US388;
				INFOPLIST_FILE = LoadViewControllersTests/Info.plist;
				IPHONEOS_DEPLOYMENT_TARGET = 14.3;
				LD_RUNPATH_SEARCH_PATHS = (
					"$(inherited)",
					"@executable_path/Frameworks",
					"@loader_path/Frameworks",
				);
				PRODUCT_BUNDLE_IDENTIFIER = br.com.ataias.LoadViewControllersTests;
				PRODUCT_NAME = "$(TARGET_NAME)";
				SWIFT_VERSION = 5.0;
				TARGETED_DEVICE_FAMILY = "1,2";
				TEST_HOST = "$(BUILT_PRODUCTS_DIR)/LoadViewControllers.app/LoadViewControllers";
			};
			name = Debug;
		};
		425FA98F25AAFF4F00CDD4AF /* Release */ = {
			isa = XCBuildConfiguration;
			buildSettings = {
				ALWAYS_EMBED_SWIFT_STANDARD_LIBRARIES = YES;
				BUNDLE_LOADER = "$(TEST_HOST)";
				CODE_SIGN_STYLE = Automatic;
				DEVELOPMENT_TEAM = 8XPT9US388;
				INFOPLIST_FILE = LoadViewControllersTests/Info.plist;
				IPHONEOS_DEPLOYMENT_TARGET = 14.3;
				LD_RUNPATH_SEARCH_PATHS = (
					"$(inherited)",
					"@executable_path/Frameworks",
					"@loader_path/Frameworks",
				);
				PRODUCT_BUNDLE_IDENTIFIER = br.com.ataias.LoadViewControllersTests;
				PRODUCT_NAME = "$(TARGET_NAME)";
				SWIFT_VERSION = 5.0;
				TARGETED_DEVICE_FAMILY = "1,2";
				TEST_HOST = "$(BUILT_PRODUCTS_DIR)/LoadViewControllers.app/LoadViewControllers";
			};
			name = Release;
		};
		425FA99125AAFF4F00CDD4AF /* Debug */ = {
			isa = XCBuildConfiguration;
			buildSettings = {
				ALWAYS_EMBED_SWIFT_STANDARD_LIBRARIES = YES;
				CODE_SIGN_STYLE = Automatic;
				DEVELOPMENT_TEAM = 8XPT9US388;
				INFOPLIST_FILE = LoadViewControllersUITests/Info.plist;
				LD_RUNPATH_SEARCH_PATHS = (
					"$(inherited)",
					"@executable_path/Frameworks",
					"@loader_path/Frameworks",
				);
				PRODUCT_BUNDLE_IDENTIFIER = br.com.ataias.LoadViewControllersUITests;
				PRODUCT_NAME = "$(TARGET_NAME)";
				SWIFT_VERSION = 5.0;
				TARGETED_DEVICE_FAMILY = "1,2";
				TEST_TARGET_NAME = LoadViewControllers;
			};
			name = Debug;
		};
		425FA99225AAFF4F00CDD4AF /* Release */ = {
			isa = XCBuildConfiguration;
			buildSettings = {
				ALWAYS_EMBED_SWIFT_STANDARD_LIBRARIES = YES;
				CODE_SIGN_STYLE = Automatic;
				DEVELOPMENT_TEAM = 8XPT9US388;
				INFOPLIST_FILE = LoadViewControllersUITests/Info.plist;
				LD_RUNPATH_SEARCH_PATHS = (
					"$(inherited)",
					"@executable_path/Frameworks",
					"@loader_path/Frameworks",
				);
				PRODUCT_BUNDLE_IDENTIFIER = br.com.ataias.LoadViewControllersUITests;
				PRODUCT_NAME = "$(TARGET_NAME)";
				SWIFT_VERSION = 5.0;
				TARGETED_DEVICE_FAMILY = "1,2";
				TEST_TARGET_NAME = LoadViewControllers;
			};
			name = Release;
		};
/* End XCBuildConfiguration section */

/* Begin XCConfigurationList section */
		425FA95B25AAFF4D00CDD4AF /* Build configuration list for PBXProject "LoadViewControllers" */ = {
			isa = XCConfigurationList;
			buildConfigurations = (
				425FA98825AAFF4F00CDD4AF /* Debug */,
				425FA98925AAFF4F00CDD4AF /* Release */,
			);
			defaultConfigurationIsVisible = 0;
			defaultConfigurationName = Release;
		};
		425FA98A25AAFF4F00CDD4AF /* Build configuration list for PBXNativeTarget "LoadViewControllers" */ = {
			isa = XCConfigurationList;
			buildConfigurations = (
				425FA98B25AAFF4F00CDD4AF /* Debug */,
				425FA98C25AAFF4F00CDD4AF /* Release */,
			);
			defaultConfigurationIsVisible = 0;
			defaultConfigurationName = Release;
		};
		425FA98D25AAFF4F00CDD4AF /* Build configuration list for PBXNativeTarget "LoadViewControllersTests" */ = {
			isa = XCConfigurationList;
			buildConfigurations = (
				425FA98E25AAFF4F00CDD4AF /* Debug */,
				425FA98F25AAFF4F00CDD4AF /* Release */,
			);
			defaultConfigurationIsVisible = 0;
			defaultConfigurationName = Release;
		};
		425FA99025AAFF4F00CDD4AF /* Build configuration list for PBXNativeTarget "LoadViewControllersUITests" */ = {
			isa = XCConfigurationList;
			buildConfigurations = (
				425FA99125AAFF4F00CDD4AF /* Debug */,
				425FA99225AAFF4F00CDD4AF /* Release */,
			);
			defaultConfigurationIsVisible = 0;
			defaultConfigurationName = Release;
		};
/* End XCConfigurationList section */
	};
	rootObject = 425FA95825AAFF4D00CDD4AF /* Project object */;
}
