// !$*UTF8*$!
{
	archiveVersion = 1;
	classes = {
	};
	objectVersion = 50;
	objects = {

/* Begin PBXBuildFile section */
		42B81DD825A7327100EB1C3B /* CustomCombinePublisherApp.swift in Sources */ = {isa = PBXBuildFile; fileRef = 42B81DD725A7327100EB1C3B /* CustomCombinePublisherApp.swift */; };
		42B81DDA25A7327100EB1C3B /* ContentView.swift in Sources */ = {isa = PBXBuildFile; fileRef = 42B81DD925A7327100EB1C3B /* ContentView.swift */; };
		42B81DDC25A7327200EB1C3B /* Assets.xcassets in Resources */ = {isa = PBXBuildFile; fileRef = 42B81DDB25A7327200EB1C3B /* Assets.xcassets */; };
		42B81DDF25A7327200EB1C3B /* Preview Assets.xcassets in Resources */ = {isa = PBXBuildFile; fileRef = 42B81DDE25A7327200EB1C3B /* Preview Assets.xcassets */; };
		42B81DEA25A7327300EB1C3B /* CustomCombinePublisherTests.swift in Sources */ = {isa = PBXBuildFile; fileRef = 42B81DE925A7327300EB1C3B /* CustomCombinePublisherTests.swift */; };
		42B81DF525A7327300EB1C3B /* CustomCombinePublisherUITests.swift in Sources */ = {isa = PBXBuildFile; fileRef = 42B81DF425A7327300EB1C3B /* CustomCombinePublisherUITests.swift */; };
/* End PBXBuildFile section */

/* Begin PBXContainerItemProxy section */
		42B81DE625A7327300EB1C3B /* PBXContainerItemProxy */ = {
			isa = PBXContainerItemProxy;
			containerPortal = 42B81DCC25A7327100EB1C3B /* Project object */;
			proxyType = 1;
			remoteGlobalIDString = 42B81DD325A7327100EB1C3B;
			remoteInfo = CustomCombinePublisher;
		};
		42B81DF125A7327300EB1C3B /* PBXContainerItemProxy */ = {
			isa = PBXContainerItemProxy;
			containerPortal = 42B81DCC25A7327100EB1C3B /* Project object */;
			proxyType = 1;
			remoteGlobalIDString = 42B81DD325A7327100EB1C3B;
			remoteInfo = CustomCombinePublisher;
		};
/* End PBXContainerItemProxy section */

/* Begin PBXFileReference section */
		42B81DD425A7327100EB1C3B /* CustomCombinePublisher.app */ = {isa = PBXFileReference; explicitFileType = wrapper.application; includeInIndex = 0; path = CustomCombinePublisher.app; sourceTree = BUILT_PRODUCTS_DIR; };
		42B81DD725A7327100EB1C3B /* CustomCombinePublisherApp.swift */ = {isa = PBXFileReference; lastKnownFileType = sourcecode.swift; path = CustomCombinePublisherApp.swift; sourceTree = "<group>"; };
		42B81DD925A7327100EB1C3B /* ContentView.swift */ = {isa = PBXFileReference; lastKnownFileType = sourcecode.swift; path = ContentView.swift; sourceTree = "<group>"; };
		42B81DDB25A7327200EB1C3B /* Assets.xcassets */ = {isa = PBXFileReference; lastKnownFileType = folder.assetcatalog; path = Assets.xcassets; sourceTree = "<group>"; };
		42B81DDE25A7327200EB1C3B /* Preview Assets.xcassets */ = {isa = PBXFileReference; lastKnownFileType = folder.assetcatalog; path = "Preview Assets.xcassets"; sourceTree = "<group>"; };
		42B81DE025A7327200EB1C3B /* Info.plist */ = {isa = PBXFileReference; lastKnownFileType = text.plist.xml; path = Info.plist; sourceTree = "<group>"; };
		42B81DE525A7327300EB1C3B /* CustomCombinePublisherTests.xctest */ = {isa = PBXFileReference; explicitFileType = wrapper.cfbundle; includeInIndex = 0; path = CustomCombinePublisherTests.xctest; sourceTree = BUILT_PRODUCTS_DIR; };
		42B81DE925A7327300EB1C3B /* CustomCombinePublisherTests.swift */ = {isa = PBXFileReference; lastKnownFileType = sourcecode.swift; path = CustomCombinePublisherTests.swift; sourceTree = "<group>"; };
		42B81DEB25A7327300EB1C3B /* Info.plist */ = {isa = PBXFileReference; lastKnownFileType = text.plist.xml; path = Info.plist; sourceTree = "<group>"; };
		42B81DF025A7327300EB1C3B /* CustomCombinePublisherUITests.xctest */ = {isa = PBXFileReference; explicitFileType = wrapper.cfbundle; includeInIndex = 0; path = CustomCombinePublisherUITests.xctest; sourceTree = BUILT_PRODUCTS_DIR; };
		42B81DF425A7327300EB1C3B /* CustomCombinePublisherUITests.swift */ = {isa = PBXFileReference; lastKnownFileType = sourcecode.swift; path = CustomCombinePublisherUITests.swift; sourceTree = "<group>"; };
		42B81DF625A7327300EB1C3B /* Info.plist */ = {isa = PBXFileReference; lastKnownFileType = text.plist.xml; path = Info.plist; sourceTree = "<group>"; };
/* End PBXFileReference section */

/* Begin PBXFrameworksBuildPhase section */
		42B81DD125A7327100EB1C3B /* Frameworks */ = {
			isa = PBXFrameworksBuildPhase;
			buildActionMask = 2147483647;
			files = (
			);
			runOnlyForDeploymentPostprocessing = 0;
		};
		42B81DE225A7327300EB1C3B /* Frameworks */ = {
			isa = PBXFrameworksBuildPhase;
			buildActionMask = 2147483647;
			files = (
			);
			runOnlyForDeploymentPostprocessing = 0;
		};
		42B81DED25A7327300EB1C3B /* Frameworks */ = {
			isa = PBXFrameworksBuildPhase;
			buildActionMask = 2147483647;
			files = (
			);
			runOnlyForDeploymentPostprocessing = 0;
		};
/* End PBXFrameworksBuildPhase section */

/* Begin PBXGroup section */
		42B81DCB25A7327100EB1C3B = {
			isa = PBXGroup;
			children = (
				42B81DD625A7327100EB1C3B /* CustomCombinePublisher */,
				42B81DE825A7327300EB1C3B /* CustomCombinePublisherTests */,
				42B81DF325A7327300EB1C3B /* CustomCombinePublisherUITests */,
				42B81DD525A7327100EB1C3B /* Products */,
			);
			sourceTree = "<group>";
		};
		42B81DD525A7327100EB1C3B /* Products */ = {
			isa = PBXGroup;
			children = (
				42B81DD425A7327100EB1C3B /* CustomCombinePublisher.app */,
				42B81DE525A7327300EB1C3B /* CustomCombinePublisherTests.xctest */,
				42B81DF025A7327300EB1C3B /* CustomCombinePublisherUITests.xctest */,
			);
			name = Products;
			sourceTree = "<group>";
		};
		42B81DD625A7327100EB1C3B /* CustomCombinePublisher */ = {
			isa = PBXGroup;
			children = (
				42B81DD725A7327100EB1C3B /* CustomCombinePublisherApp.swift */,
				42B81DD925A7327100EB1C3B /* ContentView.swift */,
				42B81DDB25A7327200EB1C3B /* Assets.xcassets */,
				42B81DE025A7327200EB1C3B /* Info.plist */,
				42B81DDD25A7327200EB1C3B /* Preview Content */,
			);
			path = CustomCombinePublisher;
			sourceTree = "<group>";
		};
		42B81DDD25A7327200EB1C3B /* Preview Content */ = {
			isa = PBXGroup;
			children = (
				42B81DDE25A7327200EB1C3B /* Preview Assets.xcassets */,
			);
			path = "Preview Content";
			sourceTree = "<group>";
		};
		42B81DE825A7327300EB1C3B /* CustomCombinePublisherTests */ = {
			isa = PBXGroup;
			children = (
				42B81DE925A7327300EB1C3B /* CustomCombinePublisherTests.swift */,
				42B81DEB25A7327300EB1C3B /* Info.plist */,
			);
			path = CustomCombinePublisherTests;
			sourceTree = "<group>";
		};
		42B81DF325A7327300EB1C3B /* CustomCombinePublisherUITests */ = {
			isa = PBXGroup;
			children = (
				42B81DF425A7327300EB1C3B /* CustomCombinePublisherUITests.swift */,
				42B81DF625A7327300EB1C3B /* Info.plist */,
			);
			path = CustomCombinePublisherUITests;
			sourceTree = "<group>";
		};
/* End PBXGroup section */

/* Begin PBXNativeTarget section */
		42B81DD325A7327100EB1C3B /* CustomCombinePublisher */ = {
			isa = PBXNativeTarget;
			buildConfigurationList = 42B81DF925A7327300EB1C3B /* Build configuration list for PBXNativeTarget "CustomCombinePublisher" */;
			buildPhases = (
				42B81DD025A7327100EB1C3B /* Sources */,
				42B81DD125A7327100EB1C3B /* Frameworks */,
				42B81DD225A7327100EB1C3B /* Resources */,
			);
			buildRules = (
			);
			dependencies = (
			);
			name = CustomCombinePublisher;
			productName = CustomCombinePublisher;
			productReference = 42B81DD425A7327100EB1C3B /* CustomCombinePublisher.app */;
			productType = "com.apple.product-type.application";
		};
		42B81DE425A7327300EB1C3B /* CustomCombinePublisherTests */ = {
			isa = PBXNativeTarget;
			buildConfigurationList = 42B81DFC25A7327300EB1C3B /* Build configuration list for PBXNativeTarget "CustomCombinePublisherTests" */;
			buildPhases = (
				42B81DE125A7327300EB1C3B /* Sources */,
				42B81DE225A7327300EB1C3B /* Frameworks */,
				42B81DE325A7327300EB1C3B /* Resources */,
			);
			buildRules = (
			);
			dependencies = (
				42B81DE725A7327300EB1C3B /* PBXTargetDependency */,
			);
			name = CustomCombinePublisherTests;
			productName = CustomCombinePublisherTests;
			productReference = 42B81DE525A7327300EB1C3B /* CustomCombinePublisherTests.xctest */;
			productType = "com.apple.product-type.bundle.unit-test";
		};
		42B81DEF25A7327300EB1C3B /* CustomCombinePublisherUITests */ = {
			isa = PBXNativeTarget;
			buildConfigurationList = 42B81DFF25A7327300EB1C3B /* Build configuration list for PBXNativeTarget "CustomCombinePublisherUITests" */;
			buildPhases = (
				42B81DEC25A7327300EB1C3B /* Sources */,
				42B81DED25A7327300EB1C3B /* Frameworks */,
				42B81DEE25A7327300EB1C3B /* Resources */,
			);
			buildRules = (
			);
			dependencies = (
				42B81DF225A7327300EB1C3B /* PBXTargetDependency */,
			);
			name = CustomCombinePublisherUITests;
			productName = CustomCombinePublisherUITests;
			productReference = 42B81DF025A7327300EB1C3B /* CustomCombinePublisherUITests.xctest */;
			productType = "com.apple.product-type.bundle.ui-testing";
		};
/* End PBXNativeTarget section */

/* Begin PBXProject section */
		42B81DCC25A7327100EB1C3B /* Project object */ = {
			isa = PBXProject;
			attributes = {
				LastSwiftUpdateCheck = 1230;
				LastUpgradeCheck = 1230;
				TargetAttributes = {
					42B81DD325A7327100EB1C3B = {
						CreatedOnToolsVersion = 12.3;
					};
					42B81DE425A7327300EB1C3B = {
						CreatedOnToolsVersion = 12.3;
						TestTargetID = 42B81DD325A7327100EB1C3B;
					};
					42B81DEF25A7327300EB1C3B = {
						CreatedOnToolsVersion = 12.3;
						TestTargetID = 42B81DD325A7327100EB1C3B;
					};
				};
			};
			buildConfigurationList = 42B81DCF25A7327100EB1C3B /* Build configuration list for PBXProject "CustomCombinePublisher" */;
			compatibilityVersion = "Xcode 9.3";
			developmentRegion = en;
			hasScannedForEncodings = 0;
			knownRegions = (
				en,
				Base,
			);
			mainGroup = 42B81DCB25A7327100EB1C3B;
			productRefGroup = 42B81DD525A7327100EB1C3B /* Products */;
			projectDirPath = "";
			projectRoot = "";
			targets = (
				42B81DD325A7327100EB1C3B /* CustomCombinePublisher */,
				42B81DE425A7327300EB1C3B /* CustomCombinePublisherTests */,
				42B81DEF25A7327300EB1C3B /* CustomCombinePublisherUITests */,
			);
		};
/* End PBXProject section */

/* Begin PBXResourcesBuildPhase section */
		42B81DD225A7327100EB1C3B /* Resources */ = {
			isa = PBXResourcesBuildPhase;
			buildActionMask = 2147483647;
			files = (
				42B81DDF25A7327200EB1C3B /* Preview Assets.xcassets in Resources */,
				42B81DDC25A7327200EB1C3B /* Assets.xcassets in Resources */,
			);
			runOnlyForDeploymentPostprocessing = 0;
		};
		42B81DE325A7327300EB1C3B /* Resources */ = {
			isa = PBXResourcesBuildPhase;
			buildActionMask = 2147483647;
			files = (
			);
			runOnlyForDeploymentPostprocessing = 0;
		};
		42B81DEE25A7327300EB1C3B /* Resources */ = {
			isa = PBXResourcesBuildPhase;
			buildActionMask = 2147483647;
			files = (
			);
			runOnlyForDeploymentPostprocessing = 0;
		};
/* End PBXResourcesBuildPhase section */

/* Begin PBXSourcesBuildPhase section */
		42B81DD025A7327100EB1C3B /* Sources */ = {
			isa = PBXSourcesBuildPhase;
			buildActionMask = 2147483647;
			files = (
				42B81DDA25A7327100EB1C3B /* ContentView.swift in Sources */,
				42B81DD825A7327100EB1C3B /* CustomCombinePublisherApp.swift in Sources */,
			);
			runOnlyForDeploymentPostprocessing = 0;
		};
		42B81DE125A7327300EB1C3B /* Sources */ = {
			isa = PBXSourcesBuildPhase;
			buildActionMask = 2147483647;
			files = (
				42B81DEA25A7327300EB1C3B /* CustomCombinePublisherTests.swift in Sources */,
			);
			runOnlyForDeploymentPostprocessing = 0;
		};
		42B81DEC25A7327300EB1C3B /* Sources */ = {
			isa = PBXSourcesBuildPhase;
			buildActionMask = 2147483647;
			files = (
				42B81DF525A7327300EB1C3B /* CustomCombinePublisherUITests.swift in Sources */,
			);
			runOnlyForDeploymentPostprocessing = 0;
		};
/* End PBXSourcesBuildPhase section */

/* Begin PBXTargetDependency section */
		42B81DE725A7327300EB1C3B /* PBXTargetDependency */ = {
			isa = PBXTargetDependency;
			target = 42B81DD325A7327100EB1C3B /* CustomCombinePublisher */;
			targetProxy = 42B81DE625A7327300EB1C3B /* PBXContainerItemProxy */;
		};
		42B81DF225A7327300EB1C3B /* PBXTargetDependency */ = {
			isa = PBXTargetDependency;
			target = 42B81DD325A7327100EB1C3B /* CustomCombinePublisher */;
			targetProxy = 42B81DF125A7327300EB1C3B /* PBXContainerItemProxy */;
		};
/* End PBXTargetDependency section */

/* Begin XCBuildConfiguration section */
		42B81DF725A7327300EB1C3B /* Debug */ = {
			isa = XCBuildConfiguration;
			buildSettings = {
				ALWAYS_SEARCH_USER_PATHS = NO;
				CLANG_ANALYZER_NONNULL = YES;
				CLANG_ANALYZER_NUMBER_OBJECT_CONVERSION = YES_AGGRESSIVE;
				CLANG_CXX_LANGUAGE_STANDARD = "gnu++14";
				CLANG_CXX_LIBRARY = "libc++";
				CLANG_ENABLE_MODULES = YES;
				CLANG_ENABLE_OBJC_ARC = YES;
				CLANG_ENABLE_OBJC_WEAK = YES;
				CLANG_WARN_BLOCK_CAPTURE_AUTORELEASING = YES;
				CLANG_WARN_BOOL_CONVERSION = YES;
				CLANG_WARN_COMMA = YES;
				CLANG_WARN_CONSTANT_CONVERSION = YES;
				CLANG_WARN_DEPRECATED_OBJC_IMPLEMENTATIONS = YES;
				CLANG_WARN_DIRECT_OBJC_ISA_USAGE = YES_ERROR;
				CLANG_WARN_DOCUMENTATION_COMMENTS = YES;
				CLANG_WARN_EMPTY_BODY = YES;
				CLANG_WARN_ENUM_CONVERSION = YES;
				CLANG_WARN_INFINITE_RECURSION = YES;
				CLANG_WARN_INT_CONVERSION = YES;
				CLANG_WARN_NON_LITERAL_NULL_CONVERSION = YES;
				CLANG_WARN_OBJC_IMPLICIT_RETAIN_SELF = YES;
				CLANG_WARN_OBJC_LITERAL_CONVERSION = YES;
				CLANG_WARN_OBJC_ROOT_CLASS = YES_ERROR;
				CLANG_WARN_QUOTED_INCLUDE_IN_FRAMEWORK_HEADER = YES;
				CLANG_WARN_RANGE_LOOP_ANALYSIS = YES;
				CLANG_WARN_STRICT_PROTOTYPES = YES;
				CLANG_WARN_SUSPICIOUS_MOVE = YES;
				CLANG_WARN_UNGUARDED_AVAILABILITY = YES_AGGRESSIVE;
				CLANG_WARN_UNREACHABLE_CODE = YES;
				CLANG_WARN__DUPLICATE_METHOD_MATCH = YES;
				COPY_PHASE_STRIP = NO;
				DEBUG_INFORMATION_FORMAT = dwarf;
				ENABLE_STRICT_OBJC_MSGSEND = YES;
				ENABLE_TESTABILITY = YES;
				GCC_C_LANGUAGE_STANDARD = gnu11;
				GCC_DYNAMIC_NO_PIC = NO;
				GCC_NO_COMMON_BLOCKS = YES;
				GCC_OPTIMIZATION_LEVEL = 0;
				GCC_PREPROCESSOR_DEFINITIONS = (
					"DEBUG=1",
					"$(inherited)",
				);
				GCC_WARN_64_TO_32_BIT_CONVERSION = YES;
				GCC_WARN_ABOUT_RETURN_TYPE = YES_ERROR;
				GCC_WARN_UNDECLARED_SELECTOR = YES;
				GCC_WARN_UNINITIALIZED_AUTOS = YES_AGGRESSIVE;
				GCC_WARN_UNUSED_FUNCTION = YES;
				GCC_WARN_UNUSED_VARIABLE = YES;
				IPHONEOS_DEPLOYMENT_TARGET = 14.3;
				MTL_ENABLE_DEBUG_INFO = INCLUDE_SOURCE;
				MTL_FAST_MATH = YES;
				ONLY_ACTIVE_ARCH = YES;
				SDKROOT = iphoneos;
				SWIFT_ACTIVE_COMPILATION_CONDITIONS = DEBUG;
				SWIFT_OPTIMIZATION_LEVEL = "-Onone";
			};
			name = Debug;
		};
		42B81DF825A7327300EB1C3B /* Release */ = {
			isa = XCBuildConfiguration;
			buildSettings = {
				ALWAYS_SEARCH_USER_PATHS = NO;
				CLANG_ANALYZER_NONNULL = YES;
				CLANG_ANALYZER_NUMBER_OBJECT_CONVERSION = YES_AGGRESSIVE;
				CLANG_CXX_LANGUAGE_STANDARD = "gnu++14";
				CLANG_CXX_LIBRARY = "libc++";
				CLANG_ENABLE_MODULES = YES;
				CLANG_ENABLE_OBJC_ARC = YES;
				CLANG_ENABLE_OBJC_WEAK = YES;
				CLANG_WARN_BLOCK_CAPTURE_AUTORELEASING = YES;
				CLANG_WARN_BOOL_CONVERSION = YES;
				CLANG_WARN_COMMA = YES;
				CLANG_WARN_CONSTANT_CONVERSION = YES;
				CLANG_WARN_DEPRECATED_OBJC_IMPLEMENTATIONS = YES;
				CLANG_WARN_DIRECT_OBJC_ISA_USAGE = YES_ERROR;
				CLANG_WARN_DOCUMENTATION_COMMENTS = YES;
				CLANG_WARN_EMPTY_BODY = YES;
				CLANG_WARN_ENUM_CONVERSION = YES;
				CLANG_WARN_INFINITE_RECURSION = YES;
				CLANG_WARN_INT_CONVERSION = YES;
				CLANG_WARN_NON_LITERAL_NULL_CONVERSION = YES;
				CLANG_WARN_OBJC_IMPLICIT_RETAIN_SELF = YES;
				CLANG_WARN_OBJC_LITERAL_CONVERSION = YES;
				CLANG_WARN_OBJC_ROOT_CLASS = YES_ERROR;
				CLANG_WARN_QUOTED_INCLUDE_IN_FRAMEWORK_HEADER = YES;
				CLANG_WARN_RANGE_LOOP_ANALYSIS = YES;
				CLANG_WARN_STRICT_PROTOTYPES = YES;
				CLANG_WARN_SUSPICIOUS_MOVE = YES;
				CLANG_WARN_UNGUARDED_AVAILABILITY = YES_AGGRESSIVE;
				CLANG_WARN_UNREACHABLE_CODE = YES;
				CLANG_WARN__DUPLICATE_METHOD_MATCH = YES;
				COPY_PHASE_STRIP = NO;
				DEBUG_INFORMATION_FORMAT = "dwarf-with-dsym";
				ENABLE_NS_ASSERTIONS = NO;
				ENABLE_STRICT_OBJC_MSGSEND = YES;
				GCC_C_LANGUAGE_STANDARD = gnu11;
				GCC_NO_COMMON_BLOCKS = YES;
				GCC_WARN_64_TO_32_BIT_CONVERSION = YES;
				GCC_WARN_ABOUT_RETURN_TYPE = YES_ERROR;
				GCC_WARN_UNDECLARED_SELECTOR = YES;
				GCC_WARN_UNINITIALIZED_AUTOS = YES_AGGRESSIVE;
				GCC_WARN_UNUSED_FUNCTION = YES;
				GCC_WARN_UNUSED_VARIABLE = YES;
				IPHONEOS_DEPLOYMENT_TARGET = 14.3;
				MTL_ENABLE_DEBUG_INFO = NO;
				MTL_FAST_MATH = YES;
				SDKROOT = iphoneos;
				SWIFT_COMPILATION_MODE = wholemodule;
				SWIFT_OPTIMIZATION_LEVEL = "-O";
				VALIDATE_PRODUCT = YES;
			};
			name = Release;
		};
		42B81DFA25A7327300EB1C3B /* Debug */ = {
			isa = XCBuildConfiguration;
			buildSettings = {
				ASSETCATALOG_COMPILER_APPICON_NAME = AppIcon;
				ASSETCATALOG_COMPILER_GLOBAL_ACCENT_COLOR_NAME = AccentColor;
				CODE_SIGN_STYLE = Automatic;
				DEVELOPMENT_ASSET_PATHS = "\"CustomCombinePublisher/Preview Content\"";
				DEVELOPMENT_TEAM = 8XPT9US388;
				ENABLE_PREVIEWS = YES;
				INFOPLIST_FILE = CustomCombinePublisher/Info.plist;
				IPHONEOS_DEPLOYMENT_TARGET = 14.0;
				LD_RUNPATH_SEARCH_PATHS = (
					"$(inherited)",
					"@executable_path/Frameworks",
				);
				PRODUCT_BUNDLE_IDENTIFIER = br.com.ataias.CustomCombinePublisher;
				PRODUCT_NAME = "$(TARGET_NAME)";
				SWIFT_VERSION = 5.0;
				TARGETED_DEVICE_FAMILY = "1,2";
			};
			name = Debug;
		};
		42B81DFB25A7327300EB1C3B /* Release */ = {
			isa = XCBuildConfiguration;
			buildSettings = {
				ASSETCATALOG_COMPILER_APPICON_NAME = AppIcon;
				ASSETCATALOG_COMPILER_GLOBAL_ACCENT_COLOR_NAME = AccentColor;
				CODE_SIGN_STYLE = Automatic;
				DEVELOPMENT_ASSET_PATHS = "\"CustomCombinePublisher/Preview Content\"";
				DEVELOPMENT_TEAM = 8XPT9US388;
				ENABLE_PREVIEWS = YES;
				INFOPLIST_FILE = CustomCombinePublisher/Info.plist;
				IPHONEOS_DEPLOYMENT_TARGET = 14.0;
				LD_RUNPATH_SEARCH_PATHS = (
					"$(inherited)",
					"@executable_path/Frameworks",
				);
				PRODUCT_BUNDLE_IDENTIFIER = br.com.ataias.CustomCombinePublisher;
				PRODUCT_NAME = "$(TARGET_NAME)";
				SWIFT_VERSION = 5.0;
				TARGETED_DEVICE_FAMILY = "1,2";
			};
			name = Release;
		};
		42B81DFD25A7327300EB1C3B /* Debug */ = {
			isa = XCBuildConfiguration;
			buildSettings = {
				ALWAYS_EMBED_SWIFT_STANDARD_LIBRARIES = YES;
				BUNDLE_LOADER = "$(TEST_HOST)";
				CODE_SIGN_STYLE = Automatic;
				DEVELOPMENT_TEAM = 8XPT9US388;
				INFOPLIST_FILE = CustomCombinePublisherTests/Info.plist;
				IPHONEOS_DEPLOYMENT_TARGET = 14.0;
				LD_RUNPATH_SEARCH_PATHS = (
					"$(inherited)",
					"@executable_path/Frameworks",
					"@loader_path/Frameworks",
				);
				PRODUCT_BUNDLE_IDENTIFIER = br.com.ataias.CustomCombinePublisherTests;
				PRODUCT_NAME = "$(TARGET_NAME)";
				SWIFT_VERSION = 5.0;
				TARGETED_DEVICE_FAMILY = "1,2";
				TEST_HOST = "$(BUILT_PRODUCTS_DIR)/CustomCombinePublisher.app/CustomCombinePublisher";
			};
			name = Debug;
		};
		42B81DFE25A7327300EB1C3B /* Release */ = {
			isa = XCBuildConfiguration;
			buildSettings = {
				ALWAYS_EMBED_SWIFT_STANDARD_LIBRARIES = YES;
				BUNDLE_LOADER = "$(TEST_HOST)";
				CODE_SIGN_STYLE = Automatic;
				DEVELOPMENT_TEAM = 8XPT9US388;
				INFOPLIST_FILE = CustomCombinePublisherTests/Info.plist;
				IPHONEOS_DEPLOYMENT_TARGET = 14.0;
				LD_RUNPATH_SEARCH_PATHS = (
					"$(inherited)",
					"@executable_path/Frameworks",
					"@loader_path/Frameworks",
				);
				PRODUCT_BUNDLE_IDENTIFIER = br.com.ataias.CustomCombinePublisherTests;
				PRODUCT_NAME = "$(TARGET_NAME)";
				SWIFT_VERSION = 5.0;
				TARGETED_DEVICE_FAMILY = "1,2";
				TEST_HOST = "$(BUILT_PRODUCTS_DIR)/CustomCombinePublisher.app/CustomCombinePublisher";
			};
			name = Release;
		};
		42B81E0025A7327300EB1C3B /* Debug */ = {
			isa = XCBuildConfiguration;
			buildSettings = {
				ALWAYS_EMBED_SWIFT_STANDARD_LIBRARIES = YES;
				CODE_SIGN_STYLE = Automatic;
				DEVELOPMENT_TEAM = 8XPT9US388;
				INFOPLIST_FILE = CustomCombinePublisherUITests/Info.plist;
				LD_RUNPATH_SEARCH_PATHS = (
					"$(inherited)",
					"@executable_path/Frameworks",
					"@loader_path/Frameworks",
				);
				PRODUCT_BUNDLE_IDENTIFIER = br.com.ataias.CustomCombinePublisherUITests;
				PRODUCT_NAME = "$(TARGET_NAME)";
				SWIFT_VERSION = 5.0;
				TARGETED_DEVICE_FAMILY = "1,2";
				TEST_TARGET_NAME = CustomCombinePublisher;
			};
			name = Debug;
		};
		42B81E0125A7327300EB1C3B /* Release */ = {
			isa = XCBuildConfiguration;
			buildSettings = {
				ALWAYS_EMBED_SWIFT_STANDARD_LIBRARIES = YES;
				CODE_SIGN_STYLE = Automatic;
				DEVELOPMENT_TEAM = 8XPT9US388;
				INFOPLIST_FILE = CustomCombinePublisherUITests/Info.plist;
				LD_RUNPATH_SEARCH_PATHS = (
					"$(inherited)",
					"@executable_path/Frameworks",
					"@loader_path/Frameworks",
				);
				PRODUCT_BUNDLE_IDENTIFIER = br.com.ataias.CustomCombinePublisherUITests;
				PRODUCT_NAME = "$(TARGET_NAME)";
				SWIFT_VERSION = 5.0;
				TARGETED_DEVICE_FAMILY = "1,2";
				TEST_TARGET_NAME = CustomCombinePublisher;
			};
			name = Release;
		};
/* End XCBuildConfiguration section */

/* Begin XCConfigurationList section */
		42B81DCF25A7327100EB1C3B /* Build configuration list for PBXProject "CustomCombinePublisher" */ = {
			isa = XCConfigurationList;
			buildConfigurations = (
				42B81DF725A7327300EB1C3B /* Debug */,
				42B81DF825A7327300EB1C3B /* Release */,
			);
			defaultConfigurationIsVisible = 0;
			defaultConfigurationName = Release;
		};
		42B81DF925A7327300EB1C3B /* Build configuration list for PBXNativeTarget "CustomCombinePublisher" */ = {
			isa = XCConfigurationList;
			buildConfigurations = (
				42B81DFA25A7327300EB1C3B /* Debug */,
				42B81DFB25A7327300EB1C3B /* Release */,
			);
			defaultConfigurationIsVisible = 0;
			defaultConfigurationName = Release;
		};
		42B81DFC25A7327300EB1C3B /* Build configuration list for PBXNativeTarget "CustomCombinePublisherTests" */ = {
			isa = XCConfigurationList;
			buildConfigurations = (
				42B81DFD25A7327300EB1C3B /* Debug */,
				42B81DFE25A7327300EB1C3B /* Release */,
			);
			defaultConfigurationIsVisible = 0;
			defaultConfigurationName = Release;
		};
		42B81DFF25A7327300EB1C3B /* Build configuration list for PBXNativeTarget "CustomCombinePublisherUITests" */ = {
			isa = XCConfigurationList;
			buildConfigurations = (
				42B81E0025A7327300EB1C3B /* Debug */,
				42B81E0125A7327300EB1C3B /* Release */,
			);
			defaultConfigurationIsVisible = 0;
			defaultConfigurationName = Release;
		};
/* End XCConfigurationList section */
	};
	rootObject = 42B81DCC25A7327100EB1C3B /* Project object */;
}
